
Microsoft Visual Studio Solution File, Format Version 12.00
Project("{FAE04EC0-301F-11D3-BF4B-00C04F79EFBC}") = "OnlineDemonstrator.MobileClient", "OnlineDemonstrator.MobileClient\OnlineDemonstrator.MobileClient\OnlineDemonstrator.MobileClient.csproj", "{7207713A-E43A-47EB-A4FF-AE9C95349623}"
EndProject
Project("{FAE04EC0-301F-11D3-BF4B-00C04F79EFBC}") = "OnlineDemonstrator.MobileClient.Android", "OnlineDemonstrator.MobileClient\OnlineDemonstrator.MobileClient.Android\OnlineDemonstrator.MobileClient.Android.csproj", "{DEBBA9AE-314D-46CF-A00F-94FC9BB9C87D}"
EndProject
Project("{FAE04EC0-301F-11D3-BF4B-00C04F79EFBC}") = "OnlineDemonstrator.MobileClient.iOS", "OnlineDemonstrator.MobileClient\OnlineDemonstrator.MobileClient.iOS\OnlineDemonstrator.MobileClient.iOS.csproj", "{C9514050-5A1C-47A2-8109-F174340E8FD5}"
EndProject
Project("{2150E333-8FDC-42A3-9474-1A3956D46DE8}") = "Libraries", "Libraries", "{A1798AF7-C60F-4B8F-B3B5-7FD05F2C7787}"
EndProject
Project("{FAE04EC0-301F-11D3-BF4B-00C04F79EFBC}") = "OnlineDemonstrator.Libraries.Network", "OnlineDemonstrator.Libraries.Network\OnlineDemonstrator.Libraries.Network.csproj", "{CB666C49-2824-42AD-BE95-3AF7C3995D11}"
EndProject
Project("{FAE04EC0-301F-11D3-BF4B-00C04F79EFBC}") = "OnlineDemonstrator.Domain", "OnlineDemonstrator.Domain\OnlineDemonstrator.Domain.csproj", "{44055721-4221-4F71-8706-B1ECAE266F94}"
EndProject
Project("{FAE04EC0-301F-11D3-BF4B-00C04F79EFBC}") = "OnlineDemonstrator.MobileApi", "OnlineDemonstrator.MobileApi\OnlineDemonstrator.MobileApi.csproj", "{BC31EBB9-A8EA-454D-868E-FB437FF6EF27}"
EndProject
Project("{FAE04EC0-301F-11D3-BF4B-00C04F79EFBC}") = "OnlineDemonstrator.EfCli", "OnlineDemonstrator.EfCli\OnlineDemonstrator.EfCli.csproj", "{56814F32-F735-43DC-9D02-FAD3AE4CB837}"
EndProject
Project("{2150E333-8FDC-42A3-9474-1A3956D46DE8}") = "Tests", "Tests", "{F2AB0E9D-5084-4621-A661-FCC7FA31F090}"
EndProject
Project("{FAE04EC0-301F-11D3-BF4B-00C04F79EFBC}") = "OnlineDemonstrator.MobileApi.Tests", "OnlineDemonstrator.MobileApi.Tests\OnlineDemonstrator.MobileApi.Tests.csproj", "{EC0A643A-4690-4894-916A-5EBABBAC1946}"
EndProject
Global
	GlobalSection(SolutionConfigurationPlatforms) = preSolution
		Debug|Any CPU = Debug|Any CPU
		Release|Any CPU = Release|Any CPU
	EndGlobalSection
	GlobalSection(ProjectConfigurationPlatforms) = postSolution
		{7207713A-E43A-47EB-A4FF-AE9C95349623}.Debug|Any CPU.ActiveCfg = Debug|Any CPU
		{7207713A-E43A-47EB-A4FF-AE9C95349623}.Debug|Any CPU.Build.0 = Debug|Any CPU
		{7207713A-E43A-47EB-A4FF-AE9C95349623}.Release|Any CPU.ActiveCfg = Release|Any CPU
		{7207713A-E43A-47EB-A4FF-AE9C95349623}.Release|Any CPU.Build.0 = Release|Any CPU
		{DEBBA9AE-314D-46CF-A00F-94FC9BB9C87D}.Debug|Any CPU.ActiveCfg = Debug|Any CPU
		{DEBBA9AE-314D-46CF-A00F-94FC9BB9C87D}.Debug|Any CPU.Build.0 = Debug|Any CPU
		{DEBBA9AE-314D-46CF-A00F-94FC9BB9C87D}.Release|Any CPU.ActiveCfg = Release|Any CPU
		{DEBBA9AE-314D-46CF-A00F-94FC9BB9C87D}.Release|Any CPU.Build.0 = Release|Any CPU
		{C9514050-5A1C-47A2-8109-F174340E8FD5}.Release|Any CPU.ActiveCfg = Debug|iPhoneSimulator
		{C9514050-5A1C-47A2-8109-F174340E8FD5}.Release|Any CPU.Build.0 = Debug|iPhoneSimulator
		{C9514050-5A1C-47A2-8109-F174340E8FD5}.Debug|Any CPU.ActiveCfg = Debug|iPhoneSimulator
		{C9514050-5A1C-47A2-8109-F174340E8FD5}.Debug|Any CPU.Build.0 = Debug|iPhoneSimulator
		{CB666C49-2824-42AD-BE95-3AF7C3995D11}.Debug|Any CPU.ActiveCfg = Debug|Any CPU
		{CB666C49-2824-42AD-BE95-3AF7C3995D11}.Debug|Any CPU.Build.0 = Debug|Any CPU
		{CB666C49-2824-42AD-BE95-3AF7C3995D11}.Release|Any CPU.ActiveCfg = Release|Any CPU
		{CB666C49-2824-42AD-BE95-3AF7C3995D11}.Release|Any CPU.Build.0 = Release|Any CPU
		{44055721-4221-4F71-8706-B1ECAE266F94}.Debug|Any CPU.ActiveCfg = Debug|Any CPU
		{44055721-4221-4F71-8706-B1ECAE266F94}.Debug|Any CPU.Build.0 = Debug|Any CPU
		{44055721-4221-4F71-8706-B1ECAE266F94}.Release|Any CPU.ActiveCfg = Release|Any CPU
		{44055721-4221-4F71-8706-B1ECAE266F94}.Release|Any CPU.Build.0 = Release|Any CPU
		{BC31EBB9-A8EA-454D-868E-FB437FF6EF27}.Debug|Any CPU.ActiveCfg = Debug|Any CPU
		{BC31EBB9-A8EA-454D-868E-FB437FF6EF27}.Debug|Any CPU.Build.0 = Debug|Any CPU
		{BC31EBB9-A8EA-454D-868E-FB437FF6EF27}.Release|Any CPU.ActiveCfg = Release|Any CPU
		{BC31EBB9-A8EA-454D-868E-FB437FF6EF27}.Release|Any CPU.Build.0 = Release|Any CPU
		{56814F32-F735-43DC-9D02-FAD3AE4CB837}.Debug|Any CPU.ActiveCfg = Debug|Any CPU
		{56814F32-F735-43DC-9D02-FAD3AE4CB837}.Debug|Any CPU.Build.0 = Debug|Any CPU
		{56814F32-F735-43DC-9D02-FAD3AE4CB837}.Release|Any CPU.ActiveCfg = Release|Any CPU
		{56814F32-F735-43DC-9D02-FAD3AE4CB837}.Release|Any CPU.Build.0 = Release|Any CPU
		{EC0A643A-4690-4894-916A-5EBABBAC1946}.Debug|Any CPU.ActiveCfg = Debug|Any CPU
		{EC0A643A-4690-4894-916A-5EBABBAC1946}.Debug|Any CPU.Build.0 = Debug|Any CPU
		{EC0A643A-4690-4894-916A-5EBABBAC1946}.Release|Any CPU.ActiveCfg = Release|Any CPU
		{EC0A643A-4690-4894-916A-5EBABBAC1946}.Release|Any CPU.Build.0 = Release|Any CPU
	EndGlobalSection
	GlobalSection(NestedProjects) = preSolution
		{CB666C49-2824-42AD-BE95-3AF7C3995D11} = {A1798AF7-C60F-4B8F-B3B5-7FD05F2C7787}
		{EC0A643A-4690-4894-916A-5EBABBAC1946} = {F2AB0E9D-5084-4621-A661-FCC7FA31F090}
	EndGlobalSection
EndGlobal
